{
  "requires": true,
  "lockfileVersion": 1,
  "dependencies": {
    "rot-js": {
      "version": "2.1.1",
      "resolved": "https://registry.npmjs.org/rot-js/-/rot-js-2.1.1.tgz",
      "integrity": "sha512-CtqgIm/gM2Rfo2yi4AktYcVWD0VU2UxmJsV9F+aI0LBI6Y4jhsX/SlLEDdmVqY3YmMUw8jWKONYfPb/jOfS3rQ=="
    }
  }
}
